
Microsoft Visual Studio Solution File, Format Version 12.00
# Visual Studio 15
VisualStudioVersion = 15.0.26228.4
MinimumVisualStudioVersion = 10.0.40219.1
Project("{2150E333-8FDC-42A3-9474-1A3956D46DE8}") = "Framework", "Framework", "{C0F4BC3F-06EB-405F-A038-59ACBC12A062}"
EndProject
Project("{2150E333-8FDC-42A3-9474-1A3956D46DE8}") = "Networking", "Networking", "{9E230256-F950-4518-BC7C-AD4EE7F5C673}"
EndProject
Project("{2150E333-8FDC-42A3-9474-1A3956D46DE8}") = "Scripting", "Scripting", "{0243E0D7-7D3B-4CA8-8E0A-14B1341F2DC9}"
EndProject
Project("{2150E333-8FDC-42A3-9474-1A3956D46DE8}") = "Pythons", "Pythons", "{829B1744-6BB9-4314-8E6E-158BE340E4AD}"
EndProject
Project("{2150E333-8FDC-42A3-9474-1A3956D46DE8}") = "Platforms", "Platforms", "{E093D100-03A8-47C3-8577-876BF5DA8A54}"
EndProject
Project("{2150E333-8FDC-42A3-9474-1A3956D46DE8}") = "Shared", "Shared", "{5FD36483-D9D1-45FE-8961-C45CFC5995F4}"
EndProject
Project("{2150E333-8FDC-42A3-9474-1A3956D46DE8}") = "Logic", "Logic", "{D16161F6-ED32-4DEA-9CA5-1E33E51018A5}"
EndProject
Project("{2150E333-8FDC-42A3-9474-1A3956D46DE8}") = "Views", "Views", "{3EF9E9EC-8A4D-46A7-A694-06B762A65E93}"
EndProject
Project("{2150E333-8FDC-42A3-9474-1A3956D46DE8}") = "Datas", "Datas", "{07B765C5-8D9C-4805-8DE5-332B9787CEDC}"
EndProject
Project("{2150E333-8FDC-42A3-9474-1A3956D46DE8}") = "Unity3D", "Unity3D", "{CBB6AD2A-4C64-40E2-8E50-32ECC7540380}"
EndProject
Project("{2150E333-8FDC-42A3-9474-1A3956D46DE8}") = "Editor", "Editor", "{2CF30889-2A3C-4FA9-B9C1-F2BC8C3EBC6D}"
EndProject
Project("{2150E333-8FDC-42A3-9474-1A3956D46DE8}") = "Unique", "Unique", "{25679172-70EC-428F-8840-485FF866A15A}"
EndProject
Project("{2150E333-8FDC-42A3-9474-1A3956D46DE8}") = "Test", "Test", "{736216D4-96BD-44F4-9AAB-31454925D341}"
EndProject
Project("{FAE04EC0-301F-11D3-BF4B-00C04F79EFBC}") = "zlib.NET_104.Unity3D", "Framework\zlib.NET_104\zlib.NET_104.Unity3D.csproj", "{543F43EB-F2DB-4A64-BC8A-7F175DD76BAC}"
EndProject
Project("{FAE04EC0-301F-11D3-BF4B-00C04F79EFBC}") = "ZYSocket.Unity3D", "Networking\ZYSocket\ZYSocket.Unity3D.csproj", "{AE0912CA-97B7-41FC-A236-B769D6FE293C}"
EndProject
Project("{FAE04EC0-301F-11D3-BF4B-00C04F79EFBC}") = "UniLua.Unity3D", "Scripting\UniLua\UniLua.Unity3D.csproj", "{01CE3599-C048-429E-9553-36C383C1891B}"
EndProject
Project("{888888A0-9F3D-457C-B088-3A5042F75D52}") = "CloneCSproj", "Pythons\CloneCSproj\CloneCSproj.pyproj", "{B822E920-C91F-4DDF-840E-241D602FEA8B}"
EndProject
Project("{888888A0-9F3D-457C-B088-3A5042F75D52}") = "PrefabAnalysis", "Pythons\PrefabAnalysis\PrefabAnalysis\PrefabAnalysis.pyproj", "{37ED8798-A644-489A-BED8-7D27D6F5595A}"
EndProject
Project("{FAE04EC0-301F-11D3-BF4B-00C04F79EFBC}") = "LuaSupport.Unity3D", "Scripting\LuaSupport\LuaSupport.Unity3D.csproj", "{4640522C-73D7-4959-8AAF-1BA8F5926BC6}"
EndProject
Project("{FAE04EC0-301F-11D3-BF4B-00C04F79EFBC}") = "PlatformSDK.Unity3D", "Platforms\PlatformSDK\PlatformSDK.Unity3D.csproj", "{C5EEE854-6B60-4935-AD85-10F146074FC7}"
EndProject
Project("{FAE04EC0-301F-11D3-BF4B-00C04F79EFBC}") = "TcpIPNetworking.Unity3D", "Networking\TcpIPNetworking\TcpIPNetworking.Unity3D.csproj", "{A7DD3091-0A97-44A4-82A0-6A34A8272DC7}"
EndProject
Project("{FAE04EC0-301F-11D3-BF4B-00C04F79EFBC}") = "XCodeEditor.Unity3D", "EditorSupport\XCodeEditor\XCodeEditor.Unity3D.csproj", "{81569F4C-C1C4-4243-8A8C-D646D80DB98A}"
EndProject
Project("{FAE04EC0-301F-11D3-BF4B-00C04F79EFBC}") = "BasicLogic.Unity3D", "Logic\BasicLogic\BasicLogic.Unity3D.csproj", "{3367C8A4-4EC8-4C7A-A0AA-ABEB84CAAB6C}"
EndProject
Project("{FAE04EC0-301F-11D3-BF4B-00C04F79EFBC}") = "BasicShared.Unity3D", "Shared\BasicShared\BasicShared.Unity3D.csproj", "{3B39F2E2-8A36-4EDD-8DA5-8A393ACCC870}"
EndProject
Project("{FAE04EC0-301F-11D3-BF4B-00C04F79EFBC}") = "Logger.Unity3D", "Framework\Logger\Logger.Unity3D.csproj", "{B3361022-FE07-474C-BBE4-7E49F874239C}"
EndProject
Project("{FAE04EC0-301F-11D3-BF4B-00C04F79EFBC}") = "Maths.Unity3D", "Framework\Maths\Maths.Unity3D.csproj", "{0F80C5DF-271A-448F-97C2-955F98198D4F}"
EndProject
Project("{FAE04EC0-301F-11D3-BF4B-00C04F79EFBC}") = "Tools.Unity3D", "Framework\Tools\Tools.Unity3D.csproj", "{7F8B3048-CE52-4946-9BE9-AC8454820AC9}"
EndProject
Project("{FAE04EC0-301F-11D3-BF4B-00C04F79EFBC}") = "CsvDataTable.Unity3D", "Datas\CsvDataTable\CsvDataTable.Unity3D.csproj", "{B057E687-73A8-4461-93AC-9189DCBC0CE1}"
EndProject
Project("{FAE04EC0-301F-11D3-BF4B-00C04F79EFBC}") = "Winista.Htmlparser.Unity3D", "Framework\Winista.Htmlparser\Winista.Htmlparser.Unity3D.csproj", "{390CDF33-990D-4492-BBF9-2C9A79889D2F}"
EndProject
Project("{FAE04EC0-301F-11D3-BF4B-00C04F79EFBC}") = "UIView.Unity3D", "Views\UIView\UIView.Unity3D.csproj", "{805169D1-89C0-4856-B5F5-53651DEEFF18}"
EndProject
Project("{FAE04EC0-301F-11D3-BF4B-00C04F79EFBC}") = "HTTPNetworking.Unity3D", "Networking\HTTPNetworking\HTTPNetworking.Unity3D.csproj", "{B7587C8E-F6C8-42C0-AC84-21191074FA60}"
EndProject
Project("{FAE04EC0-301F-11D3-BF4B-00C04F79EFBC}") = "SimpleJson.Unity3D", "Scripting\SimpleJson\SimpleJson.Unity3D.csproj", "{79650EF9-1072-4BFE-B373-CA8F447ED567}"
EndProject
Project("{FAE04EC0-301F-11D3-BF4B-00C04F79EFBC}") = "Unique", "Unique\Unique.csproj", "{CD3748F9-98F7-40C3-911B-98B010B89CDC}"
EndProject
Project("{FAE04EC0-301F-11D3-BF4B-00C04F79EFBC}") = "Unique.Editor", "Unique\Unique.Editor.csproj", "{D0639548-FBA3-479C-8AE1-48DA096237CA}"
EndProject
Project("{FAE04EC0-301F-11D3-BF4B-00C04F79EFBC}") = "NGUIEngine.Editor", "Views\NGUIEngine\NGUIEngine.Editor.csproj", "{133D4543-55DA-9C9B-30CD-863327B7E745}"
EndProject
Project("{FAE04EC0-301F-11D3-BF4B-00C04F79EFBC}") = "NGUIEngine", "Views\NGUIEngine\NGUIEngine.csproj", "{6F96FA50-3DFD-EBE3-D12B-0CC5EB1F9CF9}"
EndProject
Project("{2150E333-8FDC-42A3-9474-1A3956D46DE8}") = "ThirdParty", "ThirdParty", "{8D72368E-702E-4518-8302-BA0B7B63AF2F}"
EndProject
Project("{FAE04EC0-301F-11D3-BF4B-00C04F79EFBC}") = "7zip.Unity3D", "ThirdParty\lzma1604\CS\7zip\7zip.Unity3D.csproj", "{1B440CFD-0A7B-455B-A2B3-705ABCA16F2E}"
EndProject
Global
	GlobalSection(SolutionConfigurationPlatforms) = preSolution
		Debug|Any CPU = Debug|Any CPU
		Release|Any CPU = Release|Any CPU
		ReleaseLite|Any CPU = ReleaseLite|Any CPU
	EndGlobalSection
	GlobalSection(ProjectConfigurationPlatforms) = postSolution
		{543F43EB-F2DB-4A64-BC8A-7F175DD76BAC}.Debug|Any CPU.ActiveCfg = Debug|Any CPU
		{543F43EB-F2DB-4A64-BC8A-7F175DD76BAC}.Debug|Any CPU.Build.0 = Debug|Any CPU
		{543F43EB-F2DB-4A64-BC8A-7F175DD76BAC}.Release|Any CPU.ActiveCfg = Release|Any CPU
		{543F43EB-F2DB-4A64-BC8A-7F175DD76BAC}.Release|Any CPU.Build.0 = Release|Any CPU
		{543F43EB-F2DB-4A64-BC8A-7F175DD76BAC}.ReleaseLite|Any CPU.ActiveCfg = Release|Any CPU
		{543F43EB-F2DB-4A64-BC8A-7F175DD76BAC}.ReleaseLite|Any CPU.Build.0 = Release|Any CPU
		{AE0912CA-97B7-41FC-A236-B769D6FE293C}.Debug|Any CPU.ActiveCfg = Debug|Any CPU
		{AE0912CA-97B7-41FC-A236-B769D6FE293C}.Debug|Any CPU.Build.0 = Debug|Any CPU
		{AE0912CA-97B7-41FC-A236-B769D6FE293C}.Release|Any CPU.ActiveCfg = Release|Any CPU
		{AE0912CA-97B7-41FC-A236-B769D6FE293C}.Release|Any CPU.Build.0 = Release|Any CPU
		{AE0912CA-97B7-41FC-A236-B769D6FE293C}.ReleaseLite|Any CPU.ActiveCfg = Release|Any CPU
		{AE0912CA-97B7-41FC-A236-B769D6FE293C}.ReleaseLite|Any CPU.Build.0 = Release|Any CPU
		{01CE3599-C048-429E-9553-36C383C1891B}.Debug|Any CPU.ActiveCfg = Debug|Any CPU
		{01CE3599-C048-429E-9553-36C383C1891B}.Debug|Any CPU.Build.0 = Debug|Any CPU
		{01CE3599-C048-429E-9553-36C383C1891B}.Release|Any CPU.ActiveCfg = Release|Any CPU
		{01CE3599-C048-429E-9553-36C383C1891B}.Release|Any CPU.Build.0 = Release|Any CPU
		{01CE3599-C048-429E-9553-36C383C1891B}.ReleaseLite|Any CPU.ActiveCfg = Release|Any CPU
		{01CE3599-C048-429E-9553-36C383C1891B}.ReleaseLite|Any CPU.Build.0 = Release|Any CPU
		{B822E920-C91F-4DDF-840E-241D602FEA8B}.Debug|Any CPU.ActiveCfg = Debug|Any CPU
		{B822E920-C91F-4DDF-840E-241D602FEA8B}.Release|Any CPU.ActiveCfg = Release|Any CPU
		{B822E920-C91F-4DDF-840E-241D602FEA8B}.ReleaseLite|Any CPU.ActiveCfg = Release|Any CPU
		{37ED8798-A644-489A-BED8-7D27D6F5595A}.Debug|Any CPU.ActiveCfg = Debug|Any CPU
		{37ED8798-A644-489A-BED8-7D27D6F5595A}.Release|Any CPU.ActiveCfg = Release|Any CPU
		{37ED8798-A644-489A-BED8-7D27D6F5595A}.ReleaseLite|Any CPU.ActiveCfg = Release|Any CPU
		{4640522C-73D7-4959-8AAF-1BA8F5926BC6}.Debug|Any CPU.ActiveCfg = Debug|Any CPU
		{4640522C-73D7-4959-8AAF-1BA8F5926BC6}.Debug|Any CPU.Build.0 = Debug|Any CPU
		{4640522C-73D7-4959-8AAF-1BA8F5926BC6}.Release|Any CPU.ActiveCfg = Release|Any CPU
		{4640522C-73D7-4959-8AAF-1BA8F5926BC6}.Release|Any CPU.Build.0 = Release|Any CPU
		{4640522C-73D7-4959-8AAF-1BA8F5926BC6}.ReleaseLite|Any CPU.ActiveCfg = Release|Any CPU
		{4640522C-73D7-4959-8AAF-1BA8F5926BC6}.ReleaseLite|Any CPU.Build.0 = Release|Any CPU
		{C5EEE854-6B60-4935-AD85-10F146074FC7}.Debug|Any CPU.ActiveCfg = Debug|Any CPU
		{C5EEE854-6B60-4935-AD85-10F146074FC7}.Debug|Any CPU.Build.0 = Debug|Any CPU
		{C5EEE854-6B60-4935-AD85-10F146074FC7}.Release|Any CPU.ActiveCfg = Release|Any CPU
		{C5EEE854-6B60-4935-AD85-10F146074FC7}.Release|Any CPU.Build.0 = Release|Any CPU
		{C5EEE854-6B60-4935-AD85-10F146074FC7}.ReleaseLite|Any CPU.ActiveCfg = Release|Any CPU
		{C5EEE854-6B60-4935-AD85-10F146074FC7}.ReleaseLite|Any CPU.Build.0 = Release|Any CPU
		{A7DD3091-0A97-44A4-82A0-6A34A8272DC7}.Debug|Any CPU.ActiveCfg = Debug|Any CPU
		{A7DD3091-0A97-44A4-82A0-6A34A8272DC7}.Debug|Any CPU.Build.0 = Debug|Any CPU
		{A7DD3091-0A97-44A4-82A0-6A34A8272DC7}.Release|Any CPU.ActiveCfg = Release|Any CPU
		{A7DD3091-0A97-44A4-82A0-6A34A8272DC7}.Release|Any CPU.Build.0 = Release|Any CPU
		{A7DD3091-0A97-44A4-82A0-6A34A8272DC7}.ReleaseLite|Any CPU.ActiveCfg = Release|Any CPU
		{A7DD3091-0A97-44A4-82A0-6A34A8272DC7}.ReleaseLite|Any CPU.Build.0 = Release|Any CPU
		{81569F4C-C1C4-4243-8A8C-D646D80DB98A}.Debug|Any CPU.ActiveCfg = Debug|Any CPU
		{81569F4C-C1C4-4243-8A8C-D646D80DB98A}.Debug|Any CPU.Build.0 = Debug|Any CPU
		{81569F4C-C1C4-4243-8A8C-D646D80DB98A}.Release|Any CPU.ActiveCfg = Release|Any CPU
		{81569F4C-C1C4-4243-8A8C-D646D80DB98A}.Release|Any CPU.Build.0 = Release|Any CPU
		{81569F4C-C1C4-4243-8A8C-D646D80DB98A}.ReleaseLite|Any CPU.ActiveCfg = Release|Any CPU
		{81569F4C-C1C4-4243-8A8C-D646D80DB98A}.ReleaseLite|Any CPU.Build.0 = Release|Any CPU
		{3367C8A4-4EC8-4C7A-A0AA-ABEB84CAAB6C}.Debug|Any CPU.ActiveCfg = Debug|Any CPU
		{3367C8A4-4EC8-4C7A-A0AA-ABEB84CAAB6C}.Debug|Any CPU.Build.0 = Debug|Any CPU
		{3367C8A4-4EC8-4C7A-A0AA-ABEB84CAAB6C}.Release|Any CPU.ActiveCfg = Release|Any CPU
		{3367C8A4-4EC8-4C7A-A0AA-ABEB84CAAB6C}.Release|Any CPU.Build.0 = Release|Any CPU
		{3367C8A4-4EC8-4C7A-A0AA-ABEB84CAAB6C}.ReleaseLite|Any CPU.ActiveCfg = Release|Any CPU
		{3367C8A4-4EC8-4C7A-A0AA-ABEB84CAAB6C}.ReleaseLite|Any CPU.Build.0 = Release|Any CPU
		{3B39F2E2-8A36-4EDD-8DA5-8A393ACCC870}.Debug|Any CPU.ActiveCfg = Debug|Any CPU
		{3B39F2E2-8A36-4EDD-8DA5-8A393ACCC870}.Debug|Any CPU.Build.0 = Debug|Any CPU
		{3B39F2E2-8A36-4EDD-8DA5-8A393ACCC870}.Release|Any CPU.ActiveCfg = Release|Any CPU
		{3B39F2E2-8A36-4EDD-8DA5-8A393ACCC870}.Release|Any CPU.Build.0 = Release|Any CPU
		{3B39F2E2-8A36-4EDD-8DA5-8A393ACCC870}.ReleaseLite|Any CPU.ActiveCfg = Release|Any CPU
		{3B39F2E2-8A36-4EDD-8DA5-8A393ACCC870}.ReleaseLite|Any CPU.Build.0 = Release|Any CPU
		{B3361022-FE07-474C-BBE4-7E49F874239C}.Debug|Any CPU.ActiveCfg = Debug|Any CPU
		{B3361022-FE07-474C-BBE4-7E49F874239C}.Debug|Any CPU.Build.0 = Debug|Any CPU
		{B3361022-FE07-474C-BBE4-7E49F874239C}.Release|Any CPU.ActiveCfg = Release|Any CPU
		{B3361022-FE07-474C-BBE4-7E49F874239C}.Release|Any CPU.Build.0 = Release|Any CPU
		{B3361022-FE07-474C-BBE4-7E49F874239C}.ReleaseLite|Any CPU.ActiveCfg = Release|Any CPU
		{B3361022-FE07-474C-BBE4-7E49F874239C}.ReleaseLite|Any CPU.Build.0 = Release|Any CPU
		{0F80C5DF-271A-448F-97C2-955F98198D4F}.Debug|Any CPU.ActiveCfg = Debug|Any CPU
		{0F80C5DF-271A-448F-97C2-955F98198D4F}.Debug|Any CPU.Build.0 = Debug|Any CPU
		{0F80C5DF-271A-448F-97C2-955F98198D4F}.Release|Any CPU.ActiveCfg = Release|Any CPU
		{0F80C5DF-271A-448F-97C2-955F98198D4F}.Release|Any CPU.Build.0 = Release|Any CPU
		{0F80C5DF-271A-448F-97C2-955F98198D4F}.ReleaseLite|Any CPU.ActiveCfg = Release|Any CPU
		{0F80C5DF-271A-448F-97C2-955F98198D4F}.ReleaseLite|Any CPU.Build.0 = Release|Any CPU
		{7F8B3048-CE52-4946-9BE9-AC8454820AC9}.Debug|Any CPU.ActiveCfg = Debug|Any CPU
		{7F8B3048-CE52-4946-9BE9-AC8454820AC9}.Debug|Any CPU.Build.0 = Debug|Any CPU
		{7F8B3048-CE52-4946-9BE9-AC8454820AC9}.Release|Any CPU.ActiveCfg = Release|Any CPU
		{7F8B3048-CE52-4946-9BE9-AC8454820AC9}.Release|Any CPU.Build.0 = Release|Any CPU
		{7F8B3048-CE52-4946-9BE9-AC8454820AC9}.ReleaseLite|Any CPU.ActiveCfg = Release|Any CPU
		{7F8B3048-CE52-4946-9BE9-AC8454820AC9}.ReleaseLite|Any CPU.Build.0 = Release|Any CPU
		{B057E687-73A8-4461-93AC-9189DCBC0CE1}.Debug|Any CPU.ActiveCfg = Debug|Any CPU
		{B057E687-73A8-4461-93AC-9189DCBC0CE1}.Debug|Any CPU.Build.0 = Debug|Any CPU
		{B057E687-73A8-4461-93AC-9189DCBC0CE1}.Release|Any CPU.ActiveCfg = Release|Any CPU
		{B057E687-73A8-4461-93AC-9189DCBC0CE1}.Release|Any CPU.Build.0 = Release|Any CPU
		{B057E687-73A8-4461-93AC-9189DCBC0CE1}.ReleaseLite|Any CPU.ActiveCfg = Release|Any CPU
		{B057E687-73A8-4461-93AC-9189DCBC0CE1}.ReleaseLite|Any CPU.Build.0 = Release|Any CPU
		{390CDF33-990D-4492-BBF9-2C9A79889D2F}.Debug|Any CPU.ActiveCfg = Debug|Any CPU
		{390CDF33-990D-4492-BBF9-2C9A79889D2F}.Debug|Any CPU.Build.0 = Debug|Any CPU
		{390CDF33-990D-4492-BBF9-2C9A79889D2F}.Release|Any CPU.ActiveCfg = Release|Any CPU
		{390CDF33-990D-4492-BBF9-2C9A79889D2F}.Release|Any CPU.Build.0 = Release|Any CPU
		{390CDF33-990D-4492-BBF9-2C9A79889D2F}.ReleaseLite|Any CPU.ActiveCfg = Release|Any CPU
		{390CDF33-990D-4492-BBF9-2C9A79889D2F}.ReleaseLite|Any CPU.Build.0 = Release|Any CPU
		{805169D1-89C0-4856-B5F5-53651DEEFF18}.Debug|Any CPU.ActiveCfg = Debug|Any CPU
		{805169D1-89C0-4856-B5F5-53651DEEFF18}.Debug|Any CPU.Build.0 = Debug|Any CPU
		{805169D1-89C0-4856-B5F5-53651DEEFF18}.Release|Any CPU.ActiveCfg = Release|Any CPU
		{805169D1-89C0-4856-B5F5-53651DEEFF18}.Release|Any CPU.Build.0 = Release|Any CPU
		{805169D1-89C0-4856-B5F5-53651DEEFF18}.ReleaseLite|Any CPU.ActiveCfg = Release|Any CPU
		{805169D1-89C0-4856-B5F5-53651DEEFF18}.ReleaseLite|Any CPU.Build.0 = Release|Any CPU
		{B7587C8E-F6C8-42C0-AC84-21191074FA60}.Debug|Any CPU.ActiveCfg = Debug|Any CPU
		{B7587C8E-F6C8-42C0-AC84-21191074FA60}.Debug|Any CPU.Build.0 = Debug|Any CPU
		{B7587C8E-F6C8-42C0-AC84-21191074FA60}.Release|Any CPU.ActiveCfg = Release|Any CPU
		{B7587C8E-F6C8-42C0-AC84-21191074FA60}.Release|Any CPU.Build.0 = Release|Any CPU
		{B7587C8E-F6C8-42C0-AC84-21191074FA60}.ReleaseLite|Any CPU.ActiveCfg = Release|Any CPU
		{B7587C8E-F6C8-42C0-AC84-21191074FA60}.ReleaseLite|Any CPU.Build.0 = Release|Any CPU
		{79650EF9-1072-4BFE-B373-CA8F447ED567}.Debug|Any CPU.ActiveCfg = Debug|Any CPU
		{79650EF9-1072-4BFE-B373-CA8F447ED567}.Debug|Any CPU.Build.0 = Debug|Any CPU
		{79650EF9-1072-4BFE-B373-CA8F447ED567}.Release|Any CPU.ActiveCfg = Release|Any CPU
		{79650EF9-1072-4BFE-B373-CA8F447ED567}.Release|Any CPU.Build.0 = Release|Any CPU
		{79650EF9-1072-4BFE-B373-CA8F447ED567}.ReleaseLite|Any CPU.ActiveCfg = Release|Any CPU
		{79650EF9-1072-4BFE-B373-CA8F447ED567}.ReleaseLite|Any CPU.Build.0 = Release|Any CPU
		{CD3748F9-98F7-40C3-911B-98B010B89CDC}.Debug|Any CPU.ActiveCfg = Debug|Any CPU
		{CD3748F9-98F7-40C3-911B-98B010B89CDC}.Debug|Any CPU.Build.0 = Debug|Any CPU
		{CD3748F9-98F7-40C3-911B-98B010B89CDC}.Release|Any CPU.ActiveCfg = Release|Any CPU
		{CD3748F9-98F7-40C3-911B-98B010B89CDC}.Release|Any CPU.Build.0 = Release|Any CPU
		{CD3748F9-98F7-40C3-911B-98B010B89CDC}.ReleaseLite|Any CPU.ActiveCfg = Release|Any CPU
		{CD3748F9-98F7-40C3-911B-98B010B89CDC}.ReleaseLite|Any CPU.Build.0 = Release|Any CPU
		{D0639548-FBA3-479C-8AE1-48DA096237CA}.Debug|Any CPU.ActiveCfg = Debug|Any CPU
		{D0639548-FBA3-479C-8AE1-48DA096237CA}.Debug|Any CPU.Build.0 = Debug|Any CPU
		{D0639548-FBA3-479C-8AE1-48DA096237CA}.Release|Any CPU.ActiveCfg = Release|Any CPU
		{D0639548-FBA3-479C-8AE1-48DA096237CA}.Release|Any CPU.Build.0 = Release|Any CPU
		{D0639548-FBA3-479C-8AE1-48DA096237CA}.ReleaseLite|Any CPU.ActiveCfg = Release|Any CPU
		{D0639548-FBA3-479C-8AE1-48DA096237CA}.ReleaseLite|Any CPU.Build.0 = Release|Any CPU
		{133D4543-55DA-9C9B-30CD-863327B7E745}.Debug|Any CPU.ActiveCfg = Debug|Any CPU
		{133D4543-55DA-9C9B-30CD-863327B7E745}.Debug|Any CPU.Build.0 = Debug|Any CPU
		{133D4543-55DA-9C9B-30CD-863327B7E745}.Release|Any CPU.ActiveCfg = Release|Any CPU
		{133D4543-55DA-9C9B-30CD-863327B7E745}.Release|Any CPU.Build.0 = Release|Any CPU
		{133D4543-55DA-9C9B-30CD-863327B7E745}.ReleaseLite|Any CPU.ActiveCfg = Release|Any CPU
		{133D4543-55DA-9C9B-30CD-863327B7E745}.ReleaseLite|Any CPU.Build.0 = Release|Any CPU
		{6F96FA50-3DFD-EBE3-D12B-0CC5EB1F9CF9}.Debug|Any CPU.ActiveCfg = Debug|Any CPU
		{6F96FA50-3DFD-EBE3-D12B-0CC5EB1F9CF9}.Debug|Any CPU.Build.0 = Debug|Any CPU
		{6F96FA50-3DFD-EBE3-D12B-0CC5EB1F9CF9}.Release|Any CPU.ActiveCfg = Release|Any CPU
		{6F96FA50-3DFD-EBE3-D12B-0CC5EB1F9CF9}.Release|Any CPU.Build.0 = Release|Any CPU
		{6F96FA50-3DFD-EBE3-D12B-0CC5EB1F9CF9}.ReleaseLite|Any CPU.ActiveCfg = Release|Any CPU
		{6F96FA50-3DFD-EBE3-D12B-0CC5EB1F9CF9}.ReleaseLite|Any CPU.Build.0 = Release|Any CPU
		{1B440CFD-0A7B-455B-A2B3-705ABCA16F2E}.Debug|Any CPU.ActiveCfg = Debug|Any CPU
		{1B440CFD-0A7B-455B-A2B3-705ABCA16F2E}.Debug|Any CPU.Build.0 = Debug|Any CPU
		{1B440CFD-0A7B-455B-A2B3-705ABCA16F2E}.Release|Any CPU.ActiveCfg = Release|Any CPU
		{1B440CFD-0A7B-455B-A2B3-705ABCA16F2E}.Release|Any CPU.Build.0 = Release|Any CPU
		{1B440CFD-0A7B-455B-A2B3-705ABCA16F2E}.ReleaseLite|Any CPU.ActiveCfg = Release|Any CPU
		{1B440CFD-0A7B-455B-A2B3-705ABCA16F2E}.ReleaseLite|Any CPU.Build.0 = Release|Any CPU
	EndGlobalSection
	GlobalSection(SolutionProperties) = preSolution
		HideSolutionNode = FALSE
	EndGlobalSection
	GlobalSection(NestedProjects) = preSolution
		{C0F4BC3F-06EB-405F-A038-59ACBC12A062} = {CBB6AD2A-4C64-40E2-8E50-32ECC7540380}
		{9E230256-F950-4518-BC7C-AD4EE7F5C673} = {CBB6AD2A-4C64-40E2-8E50-32ECC7540380}
		{0243E0D7-7D3B-4CA8-8E0A-14B1341F2DC9} = {CBB6AD2A-4C64-40E2-8E50-32ECC7540380}
		{E093D100-03A8-47C3-8577-876BF5DA8A54} = {CBB6AD2A-4C64-40E2-8E50-32ECC7540380}
		{5FD36483-D9D1-45FE-8961-C45CFC5995F4} = {CBB6AD2A-4C64-40E2-8E50-32ECC7540380}
		{D16161F6-ED32-4DEA-9CA5-1E33E51018A5} = {CBB6AD2A-4C64-40E2-8E50-32ECC7540380}
		{3EF9E9EC-8A4D-46A7-A694-06B762A65E93} = {CBB6AD2A-4C64-40E2-8E50-32ECC7540380}
		{07B765C5-8D9C-4805-8DE5-332B9787CEDC} = {CBB6AD2A-4C64-40E2-8E50-32ECC7540380}
		{2CF30889-2A3C-4FA9-B9C1-F2BC8C3EBC6D} = {CBB6AD2A-4C64-40E2-8E50-32ECC7540380}
		{25679172-70EC-428F-8840-485FF866A15A} = {CBB6AD2A-4C64-40E2-8E50-32ECC7540380}
		{543F43EB-F2DB-4A64-BC8A-7F175DD76BAC} = {C0F4BC3F-06EB-405F-A038-59ACBC12A062}
		{AE0912CA-97B7-41FC-A236-B769D6FE293C} = {9E230256-F950-4518-BC7C-AD4EE7F5C673}
		{01CE3599-C048-429E-9553-36C383C1891B} = {0243E0D7-7D3B-4CA8-8E0A-14B1341F2DC9}
		{B822E920-C91F-4DDF-840E-241D602FEA8B} = {829B1744-6BB9-4314-8E6E-158BE340E4AD}
		{37ED8798-A644-489A-BED8-7D27D6F5595A} = {829B1744-6BB9-4314-8E6E-158BE340E4AD}
		{4640522C-73D7-4959-8AAF-1BA8F5926BC6} = {0243E0D7-7D3B-4CA8-8E0A-14B1341F2DC9}
		{C5EEE854-6B60-4935-AD85-10F146074FC7} = {E093D100-03A8-47C3-8577-876BF5DA8A54}
		{A7DD3091-0A97-44A4-82A0-6A34A8272DC7} = {9E230256-F950-4518-BC7C-AD4EE7F5C673}
		{81569F4C-C1C4-4243-8A8C-D646D80DB98A} = {2CF30889-2A3C-4FA9-B9C1-F2BC8C3EBC6D}
		{3367C8A4-4EC8-4C7A-A0AA-ABEB84CAAB6C} = {D16161F6-ED32-4DEA-9CA5-1E33E51018A5}
		{3B39F2E2-8A36-4EDD-8DA5-8A393ACCC870} = {5FD36483-D9D1-45FE-8961-C45CFC5995F4}
		{B3361022-FE07-474C-BBE4-7E49F874239C} = {C0F4BC3F-06EB-405F-A038-59ACBC12A062}
		{0F80C5DF-271A-448F-97C2-955F98198D4F} = {C0F4BC3F-06EB-405F-A038-59ACBC12A062}
		{7F8B3048-CE52-4946-9BE9-AC8454820AC9} = {C0F4BC3F-06EB-405F-A038-59ACBC12A062}
		{B057E687-73A8-4461-93AC-9189DCBC0CE1} = {07B765C5-8D9C-4805-8DE5-332B9787CEDC}
		{390CDF33-990D-4492-BBF9-2C9A79889D2F} = {C0F4BC3F-06EB-405F-A038-59ACBC12A062}
		{805169D1-89C0-4856-B5F5-53651DEEFF18} = {3EF9E9EC-8A4D-46A7-A694-06B762A65E93}
		{B7587C8E-F6C8-42C0-AC84-21191074FA60} = {9E230256-F950-4518-BC7C-AD4EE7F5C673}
		{79650EF9-1072-4BFE-B373-CA8F447ED567} = {0243E0D7-7D3B-4CA8-8E0A-14B1341F2DC9}
		{CD3748F9-98F7-40C3-911B-98B010B89CDC} = {25679172-70EC-428F-8840-485FF866A15A}
		{D0639548-FBA3-479C-8AE1-48DA096237CA} = {25679172-70EC-428F-8840-485FF866A15A}
		{133D4543-55DA-9C9B-30CD-863327B7E745} = {2CF30889-2A3C-4FA9-B9C1-F2BC8C3EBC6D}
		{6F96FA50-3DFD-EBE3-D12B-0CC5EB1F9CF9} = {3EF9E9EC-8A4D-46A7-A694-06B762A65E93}
		{8D72368E-702E-4518-8302-BA0B7B63AF2F} = {CBB6AD2A-4C64-40E2-8E50-32ECC7540380}
		{1B440CFD-0A7B-455B-A2B3-705ABCA16F2E} = {8D72368E-702E-4518-8302-BA0B7B63AF2F}
	EndGlobalSection
EndGlobal
